// !$*UTF8*$!
{
	archiveVersion = 1;
	classes = {
	};
	objectVersion = 46;
	objects = {

/* Begin PBXBuildFile section */
		8AB9FE2E1C7B508300BA869A /* Classes.swift in Sources */ = {isa = PBXBuildFile; fileRef = 8AB9FE2D1C7B508300BA869A /* Classes.swift */; };
		8AB9FE321C7B6FEA00BA869A /* ViewCadastro.swift in Sources */ = {isa = PBXBuildFile; fileRef = 8AB9FE311C7B6FEA00BA869A /* ViewCadastro.swift */; };
		8AB9FE361C7B717A00BA869A /* ViewEventos.swift in Sources */ = {isa = PBXBuildFile; fileRef = 8AB9FE351C7B717A00BA869A /* ViewEventos.swift */; };
		D1269B101C7CB9AA00CEB653 /* ViewPalco.swift in Sources */ = {isa = PBXBuildFile; fileRef = D1269B0F1C7CB9AA00CEB653 /* ViewPalco.swift */; };
		D1412C2F1C7CCF3200EF3D9B /* ViewPagamento.swift in Sources */ = {isa = PBXBuildFile; fileRef = D1412C2E1C7CCF3200EF3D9B /* ViewPagamento.swift */; };
		D1412C311C7E2B6F00EF3D9B /* deadpool.jpg in Resources */ = {isa = PBXBuildFile; fileRef = D1412C301C7E2B6F00EF3D9B /* deadpool.jpg */; };
		D1D17F751C779CB2004745B1 /* AppDelegate.swift in Sources */ = {isa = PBXBuildFile; fileRef = D1D17F741C779CB2004745B1 /* AppDelegate.swift */; };
		D1D17F771C779CB2004745B1 /* ViewController.swift in Sources */ = {isa = PBXBuildFile; fileRef = D1D17F761C779CB2004745B1 /* ViewController.swift */; };
		D1D17F7A1C779CB2004745B1 /* Main.storyboard in Resources */ = {isa = PBXBuildFile; fileRef = D1D17F781C779CB2004745B1 /* Main.storyboard */; };
		D1D17F7C1C779CB2004745B1 /* Assets.xcassets in Resources */ = {isa = PBXBuildFile; fileRef = D1D17F7B1C779CB2004745B1 /* Assets.xcassets */; };
		D1D17F7F1C779CB2004745B1 /* LaunchScreen.storyboard in Resources */ = {isa = PBXBuildFile; fileRef = D1D17F7D1C779CB2004745B1 /* LaunchScreen.storyboard */; };
/* End PBXBuildFile section */

/* Begin PBXFileReference section */
		8AB9FE2D1C7B508300BA869A /* Classes.swift */ = {isa = PBXFileReference; fileEncoding = 4; lastKnownFileType = sourcecode.swift; name = Classes.swift; path = IngressoApp/Classes.swift; sourceTree = "<group>"; };
		8AB9FE311C7B6FEA00BA869A /* ViewCadastro.swift */ = {isa = PBXFileReference; fileEncoding = 4; lastKnownFileType = sourcecode.swift; name = ViewCadastro.swift; path = IngressoApp/ViewCadastro.swift; sourceTree = "<group>"; };
		8AB9FE351C7B717A00BA869A /* ViewEventos.swift */ = {isa = PBXFileReference; fileEncoding = 4; lastKnownFileType = sourcecode.swift; path = ViewEventos.swift; sourceTree = "<group>"; };
		D1269B0F1C7CB9AA00CEB653 /* ViewPalco.swift */ = {isa = PBXFileReference; fileEncoding = 4; lastKnownFileType = sourcecode.swift; path = ViewPalco.swift; sourceTree = "<group>"; };
		D1412C2E1C7CCF3200EF3D9B /* ViewPagamento.swift */ = {isa = PBXFileReference; fileEncoding = 4; lastKnownFileType = sourcecode.swift; path = ViewPagamento.swift; sourceTree = "<group>"; };
		D1412C301C7E2B6F00EF3D9B /* deadpool.jpg */ = {isa = PBXFileReference; lastKnownFileType = image.jpeg; name = deadpool.jpg; path = ../deadpool.jpg; sourceTree = "<group>"; };
		D1D17F711C779CB2004745B1 /* IngressoApp.app */ = {isa = PBXFileReference; explicitFileType = wrapper.application; includeInIndex = 0; path = IngressoApp.app; sourceTree = BUILT_PRODUCTS_DIR; };
		D1D17F741C779CB2004745B1 /* AppDelegate.swift */ = {isa = PBXFileReference; lastKnownFileType = sourcecode.swift; path = AppDelegate.swift; sourceTree = "<group>"; };
		D1D17F761C779CB2004745B1 /* ViewController.swift */ = {isa = PBXFileReference; lastKnownFileType = sourcecode.swift; name = ViewController.swift; path = IngressoApp/ViewController.swift; sourceTree = "<group>"; };
		D1D17F791C779CB2004745B1 /* Base */ = {isa = PBXFileReference; lastKnownFileType = file.storyboard; name = Base; path = Base.lproj/Main.storyboard; sourceTree = "<group>"; };
		D1D17F7B1C779CB2004745B1 /* Assets.xcassets */ = {isa = PBXFileReference; lastKnownFileType = folder.assetcatalog; path = Assets.xcassets; sourceTree = "<group>"; };
		D1D17F7E1C779CB2004745B1 /* Base */ = {isa = PBXFileReference; lastKnownFileType = file.storyboard; name = Base; path = Base.lproj/LaunchScreen.storyboard; sourceTree = "<group>"; };
		D1D17F801C779CB2004745B1 /* Info.plist */ = {isa = PBXFileReference; lastKnownFileType = text.plist.xml; path = Info.plist; sourceTree = "<group>"; };
/* End PBXFileReference section */

/* Begin PBXFrameworksBuildPhase section */
		D1D17F6E1C779CB2004745B1 /* Frameworks */ = {
			isa = PBXFrameworksBuildPhase;
			buildActionMask = 2147483647;
			files = (
			);
			runOnlyForDeploymentPostprocessing = 0;
		};
/* End PBXFrameworksBuildPhase section */

/* Begin PBXGroup section */
		8AB9FE331C7B701C00BA869A /* Classes */ = {
			isa = PBXGroup;
			children = (
				8AB9FE2D1C7B508300BA869A /* Classes.swift */,
			);
			name = Classes;
			path = ..;
			sourceTree = "<group>";
		};
		8AB9FE341C7B714B00BA869A /* ViewControllers */ = {
			isa = PBXGroup;
			children = (
				D1D17F761C779CB2004745B1 /* ViewController.swift */,
				8AB9FE311C7B6FEA00BA869A /* ViewCadastro.swift */,
				8AB9FE351C7B717A00BA869A /* ViewEventos.swift */,
				D1412C2E1C7CCF3200EF3D9B /* ViewPagamento.swift */,
				D1269B0F1C7CB9AA00CEB653 /* ViewPalco.swift */,
			);
			name = ViewControllers;
			path = ..;
			sourceTree = "<group>";
		};
		D1D17F681C779CB2004745B1 = {
			isa = PBXGroup;
			children = (
				D1D17F731C779CB2004745B1 /* IngressoApp */,
				D1D17F721C779CB2004745B1 /* Products */,
			);
			sourceTree = "<group>";
		};
		D1D17F721C779CB2004745B1 /* Products */ = {
			isa = PBXGroup;
			children = (
				D1D17F711C779CB2004745B1 /* IngressoApp.app */,
			);
			name = Products;
			sourceTree = "<group>";
		};
		D1D17F731C779CB2004745B1 /* IngressoApp */ = {
			isa = PBXGroup;
			children = (
				8AB9FE341C7B714B00BA869A /* ViewControllers */,
				8AB9FE331C7B701C00BA869A /* Classes */,
				D1D17F741C779CB2004745B1 /* AppDelegate.swift */,
				D1D17F781C779CB2004745B1 /* Main.storyboard */,
				D1D17F7B1C779CB2004745B1 /* Assets.xcassets */,
				D1412C301C7E2B6F00EF3D9B /* deadpool.jpg */,
				D1D17F7D1C779CB2004745B1 /* LaunchScreen.storyboard */,
				D1D17F801C779CB2004745B1 /* Info.plist */,
			);
			path = IngressoApp;
			sourceTree = "<group>";
		};
/* End PBXGroup section */

/* Begin PBXNativeTarget section */
		D1D17F701C779CB2004745B1 /* IngressoApp */ = {
			isa = PBXNativeTarget;
			buildConfigurationList = D1D17F831C779CB2004745B1 /* Build configuration list for PBXNativeTarget "IngressoApp" */;
			buildPhases = (
				D1D17F6D1C779CB2004745B1 /* Sources */,
				D1D17F6E1C779CB2004745B1 /* Frameworks */,
				D1D17F6F1C779CB2004745B1 /* Resources */,
			);
			buildRules = (
			);
			dependencies = (
			);
			name = IngressoApp;
			productName = IngressoApp;
			productReference = D1D17F711C779CB2004745B1 /* IngressoApp.app */;
			productType = "com.apple.product-type.application";
		};
/* End PBXNativeTarget section */

/* Begin PBXProject section */
		D1D17F691C779CB2004745B1 /* Project object */ = {
			isa = PBXProject;
			attributes = {
				LastSwiftUpdateCheck = 0720;
				LastUpgradeCheck = 0720;
				ORGANIZATIONNAME = "Guilherme Marques";
				TargetAttributes = {
					D1D17F701C779CB2004745B1 = {
						CreatedOnToolsVersion = 7.2.1;
					};
				};
			};
			buildConfigurationList = D1D17F6C1C779CB2004745B1 /* Build configuration list for PBXProject "IngressoApp" */;
			compatibilityVersion = "Xcode 3.2";
			developmentRegion = English;
			hasScannedForEncodings = 0;
			knownRegions = (
				en,
				Base,
			);
			mainGroup = D1D17F681C779CB2004745B1;
			productRefGroup = D1D17F721C779CB2004745B1 /* Products */;
			projectDirPath = "";
			projectRoot = "";
			targets = (
				D1D17F701C779CB2004745B1 /* IngressoApp */,
			);
		};
/* End PBXProject section */

/* Begin PBXResourcesBuildPhase section */
		D1D17F6F1C779CB2004745B1 /* Resources */ = {
			isa = PBXResourcesBuildPhase;
			buildActionMask = 2147483647;
			files = (
				D1D17F7F1C779CB2004745B1 /* LaunchScreen.storyboard in Resources */,
				D1D17F7C1C779CB2004745B1 /* Assets.xcassets in Resources */,
				D1D17F7A1C779CB2004745B1 /* Main.storyboard in Resources */,
				D1412C311C7E2B6F00EF3D9B /* deadpool.jpg in Resources */,
			);
			runOnlyForDeploymentPostprocessing = 0;
		};
/* End PBXResourcesBuildPhase section */

/* Begin PBXSourcesBuildPhase section */
		D1D17F6D1C779CB2004745B1 /* Sources */ = {
			isa = PBXSourcesBuildPhase;
			buildActionMask = 2147483647;
			files = (
				D1412C2F1C7CCF3200EF3D9B /* ViewPagamento.swift in Sources */,
				D1D17F771C779CB2004745B1 /* ViewController.swift in Sources */,
				8AB9FE361C7B717A00BA869A /* ViewEventos.swift in Sources */,
				D1269B101C7CB9AA00CEB653 /* ViewPalco.swift in Sources */,
				8AB9FE321C7B6FEA00BA869A /* ViewCadastro.swift in Sources */,
				D1D17F751C779CB2004745B1 /* AppDelegate.swift in Sources */,
				8AB9FE2E1C7B508300BA869A /* Classes.swift in Sources */,
			);
			runOnlyForDeploymentPostprocessing = 0;
		};
/* End PBXSourcesBuildPhase section */

/* Begin PBXVariantGroup section */
		D1D17F781C779CB2004745B1 /* Main.storyboard */ = {
			isa = PBXVariantGroup;
			children = (
				D1D17F791C779CB2004745B1 /* Base */,
			);
			name = Main.storyboard;
			sourceTree = "<group>";
		};
		D1D17F7D1C779CB2004745B1 /* LaunchScreen.storyboard */ = {
			isa = PBXVariantGroup;
			children = (
				D1D17F7E1C779CB2004745B1 /* Base */,
			);
			name = LaunchScreen.storyboard;
			sourceTree = "<group>";
		};
/* End PBXVariantGroup section */

/* Begin XCBuildConfiguration section */
		D1D17F811C779CB2004745B1 /* Debug */ = {
			isa = XCBuildConfiguration;
			buildSettings = {
				ALWAYS_SEARCH_USER_PATHS = NO;
				CLANG_CXX_LANGUAGE_STANDARD = "gnu++0x";
				CLANG_CXX_LIBRARY = "libc++";
				CLANG_ENABLE_MODULES = YES;
				CLANG_ENABLE_OBJC_ARC = YES;
				CLANG_WARN_BOOL_CONVERSION = YES;
				CLANG_WARN_CONSTANT_CONVERSION = YES;
				CLANG_WARN_DIRECT_OBJC_ISA_USAGE = YES_ERROR;
				CLANG_WARN_EMPTY_BODY = YES;
				CLANG_WARN_ENUM_CONVERSION = YES;
				CLANG_WARN_INT_CONVERSION = YES;
				CLANG_WARN_OBJC_ROOT_CLASS = YES_ERROR;
				CLANG_WARN_UNREACHABLE_CODE = YES;
				CLANG_WARN__DUPLICATE_METHOD_MATCH = YES;
				"CODE_SIGN_IDENTITY[sdk=iphoneos*]" = "iPhone Developer";
				COPY_PHASE_STRIP = NO;
				DEBUG_INFORMATION_FORMAT = dwarf;
				ENABLE_STRICT_OBJC_MSGSEND = YES;
				ENABLE_TESTABILITY = YES;
				GCC_C_LANGUAGE_STANDARD = gnu99;
				GCC_DYNAMIC_NO_PIC = NO;
				GCC_NO_COMMON_BLOCKS = YES;
				GCC_OPTIMIZATION_LEVEL = 0;
				GCC_PREPROCESSOR_DEFINITIONS = (
					"DEBUG=1",
					"$(inherited)",
				);
				GCC_WARN_64_TO_32_BIT_CONVERSION = YES;
				GCC_WARN_ABOUT_RETURN_TYPE = YES_ERROR;
				GCC_WARN_UNDECLARED_SELECTOR = YES;
				GCC_WARN_UNINITIALIZED_AUTOS = YES_AGGRESSIVE;
				GCC_WARN_UNUSED_FUNCTION = YES;
				GCC_WARN_UNUSED_VARIABLE = YES;
				IPHONEOS_DEPLOYMENT_TARGET = 9.2;
				MTL_ENABLE_DEBUG_INFO = YES;
				ONLY_ACTIVE_ARCH = YES;
				SDKROOT = iphoneos;
				SWIFT_OPTIMIZATION_LEVEL = "-Onone";
			};
			name = Debug;
		};
		D1D17F821C779CB2004745B1 /* Release */ = {
			isa = XCBuildConfiguration;
			buildSettings = {
				ALWAYS_SEARCH_USER_PATHS = NO;
				CLANG_CXX_LANGUAGE_STANDARD = "gnu++0x";
				CLANG_CXX_LIBRARY = "libc++";
				CLANG_ENABLE_MODULES = YES;
				CLANG_ENABLE_OBJC_ARC = YES;
				CLANG_WARN_BOOL_CONVERSION = YES;
				CLANG_WARN_CONSTANT_CONVERSION = YES;
				CLANG_WARN_DIRECT_OBJC_ISA_USAGE = YES_ERROR;
				CLANG_WARN_EMPTY_BODY = YES;
				CLANG_WARN_ENUM_CONVERSION = YES;
				CLANG_WARN_INT_CONVERSION = YES;
				CLANG_WARN_OBJC_ROOT_CLASS = YES_ERROR;
				CLANG_WARN_UNREACHABLE_CODE = YES;
				CLANG_WARN__DUPLICATE_METHOD_MATCH = YES;
				"CODE_SIGN_IDENTITY[sdk=iphoneos*]" = "iPhone Developer";
				COPY_PHASE_STRIP = NO;
				DEBUG_INFORMATION_FORMAT = "dwarf-with-dsym";
				ENABLE_NS_ASSERTIONS = NO;
				ENABLE_STRICT_OBJC_MSGSEND = YES;
				GCC_C_LANGUAGE_STANDARD = gnu99;
				GCC_NO_COMMON_BLOCKS = YES;
				GCC_WARN_64_TO_32_BIT_CONVERSION = YES;
				GCC_WARN_ABOUT_RETURN_TYPE = YES_ERROR;
				GCC_WARN_UNDECLARED_SELECTOR = YES;
				GCC_WARN_UNINITIALIZED_AUTOS = YES_AGGRESSIVE;
				GCC_WARN_UNUSED_FUNCTION = YES;
				GCC_WARN_UNUSED_VARIABLE = YES;
				IPHONEOS_DEPLOYMENT_TARGET = 9.2;
				MTL_ENABLE_DEBUG_INFO = NO;
				SDKROOT = iphoneos;
				VALIDATE_PRODUCT = YES;
			};
			name = Release;
		};
		D1D17F841C779CB2004745B1 /* Debug */ = {
			isa = XCBuildConfiguration;
			buildSettings = {
				ASSETCATALOG_COMPILER_APPICON_NAME = AppIcon;
				INFOPLIST_FILE = IngressoApp/Info.plist;
				LD_RUNPATH_SEARCH_PATHS = "$(inherited) @executable_path/Frameworks";
				PRODUCT_BUNDLE_IDENTIFIER = bepid.IngressoApp;
				PRODUCT_NAME = "$(TARGET_NAME)";
			};
			name = Debug;
		};
		D1D17F851C779CB2004745B1 /* Release */ = {
			isa = XCBuildConfiguration;
			buildSettings = {
				ASSETCATALOG_COMPILER_APPICON_NAME = AppIcon;
				INFOPLIST_FILE = IngressoApp/Info.plist;
				LD_RUNPATH_SEARCH_PATHS = "$(inherited) @executable_path/Frameworks";
				PRODUCT_BUNDLE_IDENTIFIER = bepid.IngressoApp;
				PRODUCT_NAME = "$(TARGET_NAME)";
			};
			name = Release;
		};
/* End XCBuildConfiguration section */

/* Begin XCConfigurationList section */
		D1D17F6C1C779CB2004745B1 /* Build configuration list for PBXProject "IngressoApp" */ = {
			isa = XCConfigurationList;
			buildConfigurations = (
				D1D17F811C779CB2004745B1 /* Debug */,
				D1D17F821C779CB2004745B1 /* Release */,
			);
			defaultConfigurationIsVisible = 0;
			defaultConfigurationName = Release;
		};
		D1D17F831C779CB2004745B1 /* Build configuration list for PBXNativeTarget "IngressoApp" */ = {
			isa = XCConfigurationList;
			buildConfigurations = (
				D1D17F841C779CB2004745B1 /* Debug */,
				D1D17F851C779CB2004745B1 /* Release */,
			);
			defaultConfigurationIsVisible = 0;
			defaultConfigurationName = Release;
		};
/* End XCConfigurationList section */
	};
	rootObject = D1D17F691C779CB2004745B1 /* Project object */;
}
